{
  "name": "minima",
  "lockfileVersion": 3,
  "requires": true,
  "packages": {
    "": {
      "name": "minima",
      "devDependencies": {
        "cn": "^0.2.5"
      }
    },
    "node_modules/cn": {
      "version": "0.2.6",
      "resolved": "https://registry.npmjs.org/cn/-/cn-0.2.6.tgz",
      "integrity": "sha512-+i4L0zUGgRcEnhsxueVrP7iBGxBx5iD0WOTYg1MwFEu2ZyCmH5Ov2V1cul2Ht5UchRQQgftCf4be/RxspuW6QQ==",
      "dev": true,
      "license": "MIT",
      "bin": {
        "cn": "bin/cn.mjs"
      },
      "engines": {
        "node": ">=20"
      }
    }
  }
}
